
Microsoft Visual Studio Solution File, Format Version 12.00
# Visual Studio 15
VisualStudioVersion = 15.0.28307.645
MinimumVisualStudioVersion = 10.0.40219.1
Project("{9A19103F-16F7-4668-BE54-9A1E7A4F7556}") = "MicrosoftDIAdapters.Ninject", "MicrosoftDIAdapters.Ninject\MicrosoftDIAdapters.Ninject.csproj", "{9D199A84-8B2A-428A-A0E5-7DC75ED38701}"
EndProject
Project("{9A19103F-16F7-4668-BE54-9A1E7A4F7556}") = "MicrosoftDIAdapters.Test", "MicrosoftDIAdapters.Test\MicrosoftDIAdapters.Test.csproj", "{38CF83C9-927D-4C16-8639-D799EADA7831}"
EndProject
Global
	GlobalSection(SolutionConfigurationPlatforms) = preSolution
		Debug|Any CPU = Debug|Any CPU
		Release|Any CPU = Release|Any CPU
	EndGlobalSection
	GlobalSection(ProjectConfigurationPlatforms) = postSolution
		{9D199A84-8B2A-428A-A0E5-7DC75ED38701}.Debug|Any CPU.ActiveCfg = Debug|Any CPU
		{9D199A84-8B2A-428A-A0E5-7DC75ED38701}.Debug|Any CPU.Build.0 = Debug|Any CPU
		{9D199A84-8B2A-428A-A0E5-7DC75ED38701}.Release|Any CPU.ActiveCfg = Release|Any CPU
		{9D199A84-8B2A-428A-A0E5-7DC75ED38701}.Release|Any CPU.Build.0 = Release|Any CPU
		{38CF83C9-927D-4C16-8639-D799EADA7831}.Debug|Any CPU.ActiveCfg = Debug|Any CPU
		{38CF83C9-927D-4C16-8639-D799EADA7831}.Debug|Any CPU.Build.0 = Debug|Any CPU
		{38CF83C9-927D-4C16-8639-D799EADA7831}.Release|Any CPU.ActiveCfg = Release|Any CPU
		{38CF83C9-927D-4C16-8639-D799EADA7831}.Release|Any CPU.Build.0 = Release|Any CPU
	EndGlobalSection
	GlobalSection(SolutionProperties) = preSolution
		HideSolutionNode = FALSE
	EndGlobalSection
	GlobalSection(ExtensibilityGlobals) = postSolution
		SolutionGuid = {FAA5ABBF-5CCC-4956-A225-2292B13D3780}
	EndGlobalSection
EndGlobal
